{
  "name": "hashcode-practice",
  "version": "1.0.0",
  "lockfileVersion": 1,
  "requires": true,
  "dependencies": {
    "async": {
      "version": "0.1.22",
      "resolved": "https://registry.npmjs.org/async/-/async-0.1.22.tgz",
      "integrity": "sha1-D8GqoIig4+8Ovi2IMbqw3PiEUGE="
    },
    "genetic": {
      "version": "0.3.1",
      "resolved": "https://registry.npmjs.org/genetic/-/genetic-0.3.1.tgz",
      "integrity": "sha1-pDRcL62IA9lno3b+/yFUsbm5d0s=",
      "requires": {
        "async": "0.1.22"
      }
    },
    "genetic-js": {
      "version": "0.1.14",
      "resolved": "https://registry.npmjs.org/genetic-js/-/genetic-js-0.1.14.tgz",
      "integrity": "sha1-8qiEyAfn6uqg7bj1rIj98I9IaOE="
    },
    "genetic-js-no-ww": {
      "version": "0.2.1",
      "resolved": "https://registry.npmjs.org/genetic-js-no-ww/-/genetic-js-no-ww-0.2.1.tgz",
      "integrity": "sha1-K+BH9ZSbLMX6iejXScx30aHMJiY="
    },
    "line-by-line": {
      "version": "0.1.6",
      "resolved": "https://registry.npmjs.org/line-by-line/-/line-by-line-0.1.6.tgz",
      "integrity": "sha512-MmwVPfOyp0lWnEZ3fBA8Ah4pMFvxO6WgWovqZNu7Y4J0TNnGcsV4S1LzECHbdgqk1hoHc2mFP1Axc37YUqwafg=="
    }
  }
}
